
Microsoft Visual Studio Solution File, Format Version 12.00
# Visual Studio 15
VisualStudioVersion = 15.0.26403.7
MinimumVisualStudioVersion = 10.0.40219.1
Project("{8BC9CEB8-8B4A-11D0-8D11-00A0C91BC942}") = "Assignment2Shaders", "Assignment2Shaders\Assignment2Shaders.vcxproj", "{CF96B28F-9433-4DF4-BF41-A30E657EB9FB}"
EndProject
Project("{2150E333-8FDC-42A3-9474-1A3956D46DE8}") = "Solution Items", "Solution Items", "{D9D27BCD-D0A4-4611-B0B8-FFE6EE439FCF}"
	ProjectSection(SolutionItems) = preProject
		main.cpp = main.cpp
	EndProjectSection
EndProject
Global
	GlobalSection(SolutionConfigurationPlatforms) = preSolution
		Debug|x64 = Debug|x64
		Debug|x86 = Debug|x86
		Release|x64 = Release|x64
		Release|x86 = Release|x86
	EndGlobalSection
	GlobalSection(ProjectConfigurationPlatforms) = postSolution
		{CF96B28F-9433-4DF4-BF41-A30E657EB9FB}.Debug|x64.ActiveCfg = Debug|x64
		{CF96B28F-9433-4DF4-BF41-A30E657EB9FB}.Debug|x64.Build.0 = Debug|x64
		{CF96B28F-9433-4DF4-BF41-A30E657EB9FB}.Debug|x86.ActiveCfg = Debug|Win32
		{CF96B28F-9433-4DF4-BF41-A30E657EB9FB}.Debug|x86.Build.0 = Debug|Win32
		{CF96B28F-9433-4DF4-BF41-A30E657EB9FB}.Release|x64.ActiveCfg = Release|x64
		{CF96B28F-9433-4DF4-BF41-A30E657EB9FB}.Release|x64.Build.0 = Release|x64
		{CF96B28F-9433-4DF4-BF41-A30E657EB9FB}.Release|x86.ActiveCfg = Release|Win32
		{CF96B28F-9433-4DF4-BF41-A30E657EB9FB}.Release|x86.Build.0 = Release|Win32
	EndGlobalSection
	GlobalSection(SolutionProperties) = preSolution
		HideSolutionNode = FALSE
	EndGlobalSection
EndGlobal
